
Microsoft Visual Studio Solution File, Format Version 12.00
# Visual Studio Version 17
VisualStudioVersion = 17.5.002.0
MinimumVisualStudioVersion = 10.0.40219.1
Project("{9A19103F-16F7-4668-BE54-9A1E7A4F7556}") = "Task1", "Task1\Task1.csproj", "{B1E19F1A-66FC-4DFB-83DC-B379466CA46D}"
EndProject
Project("{9A19103F-16F7-4668-BE54-9A1E7A4F7556}") = "Task2", "Task2\Task2.csproj", "{0E9FC811-D26B-4647-9108-41593ADAA03D}"
EndProject
Global
	GlobalSection(SolutionConfigurationPlatforms) = preSolution
		Debug|Any CPU = Debug|Any CPU
		Release|Any CPU = Release|Any CPU
	EndGlobalSection
	GlobalSection(ProjectConfigurationPlatforms) = postSolution
		{B1E19F1A-66FC-4DFB-83DC-B379466CA46D}.Debug|Any CPU.ActiveCfg = Debug|Any CPU
		{B1E19F1A-66FC-4DFB-83DC-B379466CA46D}.Debug|Any CPU.Build.0 = Debug|Any CPU
		{B1E19F1A-66FC-4DFB-83DC-B379466CA46D}.Release|Any CPU.ActiveCfg = Release|Any CPU
		{B1E19F1A-66FC-4DFB-83DC-B379466CA46D}.Release|Any CPU.Build.0 = Release|Any CPU
		{0E9FC811-D26B-4647-9108-41593ADAA03D}.Debug|Any CPU.ActiveCfg = Debug|Any CPU
		{0E9FC811-D26B-4647-9108-41593ADAA03D}.Debug|Any CPU.Build.0 = Debug|Any CPU
		{0E9FC811-D26B-4647-9108-41593ADAA03D}.Release|Any CPU.ActiveCfg = Release|Any CPU
		{0E9FC811-D26B-4647-9108-41593ADAA03D}.Release|Any CPU.Build.0 = Release|Any CPU
	EndGlobalSection
	GlobalSection(SolutionProperties) = preSolution
		HideSolutionNode = FALSE
	EndGlobalSection
	GlobalSection(ExtensibilityGlobals) = postSolution
		SolutionGuid = {C3655D88-2750-460B-A6BC-32605054AE01}
	EndGlobalSection
EndGlobal
