
Microsoft Visual Studio Solution File, Format Version 12.00
# Visual Studio Version 17
VisualStudioVersion = 17.5.002.0
MinimumVisualStudioVersion = 10.0.40219.1
Project("{9A19103F-16F7-4668-BE54-9A1E7A4F7556}") = "Client", "Client.csproj", "{87058AB0-8D4F-4989-B6AD-8E294682B045}"
EndProject
Global
	GlobalSection(SolutionConfigurationPlatforms) = preSolution
		Debug|Any CPU = Debug|Any CPU
		Release|Any CPU = Release|Any CPU
	EndGlobalSection
	GlobalSection(ProjectConfigurationPlatforms) = postSolution
		{87058AB0-8D4F-4989-B6AD-8E294682B045}.Debug|Any CPU.ActiveCfg = Debug|Any CPU
		{87058AB0-8D4F-4989-B6AD-8E294682B045}.Debug|Any CPU.Build.0 = Debug|Any CPU
		{87058AB0-8D4F-4989-B6AD-8E294682B045}.Release|Any CPU.ActiveCfg = Release|Any CPU
		{87058AB0-8D4F-4989-B6AD-8E294682B045}.Release|Any CPU.Build.0 = Release|Any CPU
	EndGlobalSection
	GlobalSection(SolutionProperties) = preSolution
		HideSolutionNode = FALSE
	EndGlobalSection
	GlobalSection(ExtensibilityGlobals) = postSolution
		SolutionGuid = {AD35DD7A-8E18-4EF0-A08B-9EA3C0D7B675}
	EndGlobalSection
EndGlobal
