
Microsoft Visual Studio Solution File, Format Version 12.00
# Visual Studio Version 17
VisualStudioVersion = 17.5.002.0
MinimumVisualStudioVersion = 10.0.40219.1
Project("{9A19103F-16F7-4668-BE54-9A1E7A4F7556}") = "LessonProject", "LessonProject\LessonProject.csproj", "{4F2D9E75-B658-47A7-9545-EFECABB6719B}"
EndProject
Global
	GlobalSection(SolutionConfigurationPlatforms) = preSolution
		Debug|Any CPU = Debug|Any CPU
		Release|Any CPU = Release|Any CPU
	EndGlobalSection
	GlobalSection(ProjectConfigurationPlatforms) = postSolution
		{4F2D9E75-B658-47A7-9545-EFECABB6719B}.Debug|Any CPU.ActiveCfg = Debug|Any CPU
		{4F2D9E75-B658-47A7-9545-EFECABB6719B}.Debug|Any CPU.Build.0 = Debug|Any CPU
		{4F2D9E75-B658-47A7-9545-EFECABB6719B}.Release|Any CPU.ActiveCfg = Release|Any CPU
		{4F2D9E75-B658-47A7-9545-EFECABB6719B}.Release|Any CPU.Build.0 = Release|Any CPU
	EndGlobalSection
	GlobalSection(SolutionProperties) = preSolution
		HideSolutionNode = FALSE
	EndGlobalSection
	GlobalSection(ExtensibilityGlobals) = postSolution
		SolutionGuid = {799BB162-2CAF-406A-9663-30FA7A2DA8A9}
	EndGlobalSection
EndGlobal
