
Microsoft Visual Studio Solution File, Format Version 12.00
# Visual Studio Version 17
VisualStudioVersion = 17.5.002.0
MinimumVisualStudioVersion = 10.0.40219.1
Project("{2150E333-8FDC-42A3-9474-1A3956D46DE8}") = "Course", "Course", "{3890D7F3-8E26-450C-A411-4EACDDBC4772}"
EndProject
Project("{2150E333-8FDC-42A3-9474-1A3956D46DE8}") = "Lesson27", "Lesson27", "{E428EFB5-9101-4662-A510-946F562A07B9}"
EndProject
Project("{2150E333-8FDC-42A3-9474-1A3956D46DE8}") = "PracticeABC", "PracticeABC", "{3B31BB32-0E0D-4E32-B510-0DFD010049BF}"
EndProject
Project("{FAE04EC0-301F-11D3-BF4B-00C04F79EFBC}") = "Practice C", "Course\Lesson27\PracticeABC\Practice C\Practice C.csproj", "{97005FC6-91CA-42F5-88FB-037C3E893847}"
EndProject
Global
	GlobalSection(SolutionConfigurationPlatforms) = preSolution
		Debug|Any CPU = Debug|Any CPU
		Release|Any CPU = Release|Any CPU
	EndGlobalSection
	GlobalSection(ProjectConfigurationPlatforms) = postSolution
		{97005FC6-91CA-42F5-88FB-037C3E893847}.Debug|Any CPU.ActiveCfg = Debug|Any CPU
		{97005FC6-91CA-42F5-88FB-037C3E893847}.Debug|Any CPU.Build.0 = Debug|Any CPU
		{97005FC6-91CA-42F5-88FB-037C3E893847}.Release|Any CPU.ActiveCfg = Release|Any CPU
		{97005FC6-91CA-42F5-88FB-037C3E893847}.Release|Any CPU.Build.0 = Release|Any CPU
	EndGlobalSection
	GlobalSection(SolutionProperties) = preSolution
		HideSolutionNode = FALSE
	EndGlobalSection
	GlobalSection(ExtensibilityGlobals) = postSolution
		SolutionGuid = {A3AC4FD9-7C1F-47D3-AB6C-13FEFA734D48}
	EndGlobalSection
	GlobalSection(NestedProjects) = preSolution
		{E428EFB5-9101-4662-A510-946F562A07B9} = {3890D7F3-8E26-450C-A411-4EACDDBC4772}
		{3B31BB32-0E0D-4E32-B510-0DFD010049BF} = {E428EFB5-9101-4662-A510-946F562A07B9}
		{97005FC6-91CA-42F5-88FB-037C3E893847} = {3B31BB32-0E0D-4E32-B510-0DFD010049BF}
	EndGlobalSection
EndGlobal
