
Microsoft Visual Studio Solution File, Format Version 12.00
# Visual Studio Version 17
VisualStudioVersion = 17.5.002.0
MinimumVisualStudioVersion = 10.0.40219.1
Project("{2150E333-8FDC-42A3-9474-1A3956D46DE8}") = "Course", "Course", "{715043C9-81B4-4F32-972B-BADB5AED36B9}"
EndProject
Project("{2150E333-8FDC-42A3-9474-1A3956D46DE8}") = "Lesson10", "Lesson10", "{A1FD4DC3-593D-44B2-8F2C-7F3FFFFF2C27}"
EndProject
Project("{9A19103F-16F7-4668-BE54-9A1E7A4F7556}") = "PracticeA", "Course\Lesson10\PracticeA\PracticeA.csproj", "{253EFF0D-2FDC-4616-9B12-A96E3A2325D7}"
EndProject
Project("{9A19103F-16F7-4668-BE54-9A1E7A4F7556}") = "PracticeBC", "Course\Lesson10\PracticeBC\PracticeBC.csproj", "{FF9D9A77-E047-4DFB-8B34-75FE189E4176}"
EndProject
Project("{2150E333-8FDC-42A3-9474-1A3956D46DE8}") = "Lesson11", "Lesson11", "{B1B21C74-ACA5-46B9-A157-897FB440FFA8}"
EndProject
Project("{9A19103F-16F7-4668-BE54-9A1E7A4F7556}") = "PracticeABC", "Course\Lesson11\PracticeA-B-C\PracticeABC.csproj", "{B81866EE-F1DD-420E-A081-EEA43B914B20}"
EndProject
Project("{2150E333-8FDC-42A3-9474-1A3956D46DE8}") = "Lesson14", "Lesson14", "{A35B494D-1C8D-4A4B-9566-D009BE17FC5D}"
EndProject
Project("{9A19103F-16F7-4668-BE54-9A1E7A4F7556}") = "Example", "Course\Lesson14\Example\Example.csproj", "{F9FBEF53-922C-4EAD-B19D-75EDD65AF517}"
EndProject
Project("{2150E333-8FDC-42A3-9474-1A3956D46DE8}") = "lesson15", "lesson15", "{03EA822D-BC2E-4A28-B62E-7755CECE8587}"
EndProject
Project("{9A19103F-16F7-4668-BE54-9A1E7A4F7556}") = "Example", "Course\lesson15\Example\Example.csproj", "{E6E713EE-6F3B-4850-965C-CDE6B284EA1F}"
EndProject
Project("{2150E333-8FDC-42A3-9474-1A3956D46DE8}") = "Lesson6", "Lesson6", "{FA1CC0C8-6FAB-4F38-8E6B-80D03071E3EB}"
EndProject
Project("{9A19103F-16F7-4668-BE54-9A1E7A4F7556}") = "PracticeA", "Course\Lesson6\PracticeA\PracticeA.csproj", "{CBEC6CE2-2E4D-4925-BDA5-FE9BFC165700}"
EndProject
Project("{9A19103F-16F7-4668-BE54-9A1E7A4F7556}") = "PracticeB-С", "Course\Lesson6\PracticeB-С\PracticeB-С.csproj", "{D5EEF7AE-62C5-4923-B526-E17375A23FDD}"
EndProject
Project("{2150E333-8FDC-42A3-9474-1A3956D46DE8}") = "Lesson7", "Lesson7", "{7781EC55-9CA3-4F16-B5E3-8BC69C8151A5}"
EndProject
Project("{9A19103F-16F7-4668-BE54-9A1E7A4F7556}") = "PracticeA", "Course\Lesson7\PracticeA\PracticeA.csproj", "{4E4C0464-BD3F-4929-BFF8-DCC13FDBD0E6}"
EndProject
Project("{9A19103F-16F7-4668-BE54-9A1E7A4F7556}") = "PracticeB-С", "Course\Lesson7\PracticeB-С\PracticeB-С.csproj", "{9CA338D2-5053-4874-8499-A8535C153EF6}"
EndProject
Project("{2150E333-8FDC-42A3-9474-1A3956D46DE8}") = "Lesson8", "Lesson8", "{E54C1343-53A7-4B19-9727-454062F59107}"
EndProject
Project("{9A19103F-16F7-4668-BE54-9A1E7A4F7556}") = "PracticeAB", "Course\Lesson8\PracticeAB\PracticeAB.csproj", "{FDF451B5-2EF3-4E70-9BDD-287E59A321BD}"
EndProject
Project("{9A19103F-16F7-4668-BE54-9A1E7A4F7556}") = "PracticeA", "Course\Lesson8\PracticeC\PracticeA.csproj", "{0C547FE1-AE93-4074-A399-1CA873EFFBE5}"
EndProject
Project("{2150E333-8FDC-42A3-9474-1A3956D46DE8}") = "Lesson9", "Lesson9", "{8AD6419B-F3E7-49FD-A97E-5985C560A68A}"
EndProject
Project("{9A19103F-16F7-4668-BE54-9A1E7A4F7556}") = "PracticeABC", "Course\Lesson9\PracticeABC\PracticeABC.csproj", "{3EF62173-CC5C-42FA-A4B9-85F2DE93F96A}"
EndProject
Project("{2150E333-8FDC-42A3-9474-1A3956D46DE8}") = "Lesson5", "Lesson5", "{05FE2092-D29F-4C94-86C3-9C2BE9392736}"
EndProject
Project("{2150E333-8FDC-42A3-9474-1A3956D46DE8}") = "PracticeA-B", "PracticeA-B", "{DD735CC9-F6E7-4BD9-924D-E4548A7CE7E5}"
EndProject
Project("{9A19103F-16F7-4668-BE54-9A1E7A4F7556}") = "LessonProject", "Course\Lesson5\PracticeA-B\LessonProject\LessonProject.csproj", "{E0A3B53C-A412-407A-B770-4B7DF5D3B794}"
EndProject
Project("{2150E333-8FDC-42A3-9474-1A3956D46DE8}") = "PracticeABC (1)", "PracticeABC", "{01FEE9AE-F295-4851-A2BE-09F3253AAA51}"
EndProject
Project("{9A19103F-16F7-4668-BE54-9A1E7A4F7556}") = "Example", "Course\Lesson9\PracticeABC\Example\Example.csproj", "{FBA0650C-8C13-4171-B53B-29D5FF740E84}"
EndProject
Project("{2150E333-8FDC-42A3-9474-1A3956D46DE8}") = "PracticeA (1)", "PracticeA", "{E3038C98-E2FF-4653-BAE1-14D9E5F943BA}"
EndProject
Project("{2150E333-8FDC-42A3-9474-1A3956D46DE8}") = "Practices", "Practices", "{1951AD6D-E78A-4885-80C0-E482A26F3054}"
EndProject
Project("{9A19103F-16F7-4668-BE54-9A1E7A4F7556}") = "Practice1", "Course\Lesson7\PracticeA\Practices\Practice1\Practice1.csproj", "{E6FB00F1-4DB1-4668-8A2E-60FEE6E36691}"
EndProject
Project("{9A19103F-16F7-4668-BE54-9A1E7A4F7556}") = "Practice10", "Course\Lesson7\PracticeA\Practices\Practice10\Practice10.csproj", "{8A241A0C-31AF-4E15-BBFF-5D44E89B759C}"
EndProject
Project("{9A19103F-16F7-4668-BE54-9A1E7A4F7556}") = "Practice2", "Course\Lesson7\PracticeA\Practices\Practice2\Practice2.csproj", "{59CC30D6-DBBE-4CDA-A3B0-EED9AE9D5247}"
EndProject
Project("{9A19103F-16F7-4668-BE54-9A1E7A4F7556}") = "Practice3", "Course\Lesson7\PracticeA\Practices\Practice3\Practice3.csproj", "{563AE08D-34C1-4CE8-8B76-FA261C45E6F6}"
EndProject
Project("{9A19103F-16F7-4668-BE54-9A1E7A4F7556}") = "Practice4", "Course\Lesson7\PracticeA\Practices\Practice4\Practice4.csproj", "{CB60EC16-DC2C-4888-B7AF-B7513A04EB80}"
EndProject
Project("{9A19103F-16F7-4668-BE54-9A1E7A4F7556}") = "Practice5", "Course\Lesson7\PracticeA\Practices\Practice5\Practice5.csproj", "{7EFB52E2-151F-46ED-BCA4-BD9E4579FA98}"
EndProject
Project("{9A19103F-16F7-4668-BE54-9A1E7A4F7556}") = "Practice6", "Course\Lesson7\PracticeA\Practices\Practice6\Practice6.csproj", "{C5EAB6EF-4435-4940-97B0-E16AA190982B}"
EndProject
Project("{9A19103F-16F7-4668-BE54-9A1E7A4F7556}") = "Practice7", "Course\Lesson7\PracticeA\Practices\Practice7\Practice7.csproj", "{1C80D699-7E62-4C3A-B029-FA215CFA16DD}"
EndProject
Project("{9A19103F-16F7-4668-BE54-9A1E7A4F7556}") = "Practice8", "Course\Lesson7\PracticeA\Practices\Practice8\Practice8.csproj", "{D6209EF8-A435-40CF-9A25-680C5F0C8922}"
EndProject
Project("{9A19103F-16F7-4668-BE54-9A1E7A4F7556}") = "Practice9", "Course\Lesson7\PracticeA\Practices\Practice9\Practice9.csproj", "{0D062BA9-1F2C-4359-8C7A-34556719FE33}"
EndProject
Global
	GlobalSection(SolutionConfigurationPlatforms) = preSolution
		Debug|Any CPU = Debug|Any CPU
		Release|Any CPU = Release|Any CPU
	EndGlobalSection
	GlobalSection(ProjectConfigurationPlatforms) = postSolution
		{253EFF0D-2FDC-4616-9B12-A96E3A2325D7}.Debug|Any CPU.ActiveCfg = Debug|Any CPU
		{253EFF0D-2FDC-4616-9B12-A96E3A2325D7}.Debug|Any CPU.Build.0 = Debug|Any CPU
		{253EFF0D-2FDC-4616-9B12-A96E3A2325D7}.Release|Any CPU.ActiveCfg = Release|Any CPU
		{253EFF0D-2FDC-4616-9B12-A96E3A2325D7}.Release|Any CPU.Build.0 = Release|Any CPU
		{FF9D9A77-E047-4DFB-8B34-75FE189E4176}.Debug|Any CPU.ActiveCfg = Debug|Any CPU
		{FF9D9A77-E047-4DFB-8B34-75FE189E4176}.Debug|Any CPU.Build.0 = Debug|Any CPU
		{FF9D9A77-E047-4DFB-8B34-75FE189E4176}.Release|Any CPU.ActiveCfg = Release|Any CPU
		{FF9D9A77-E047-4DFB-8B34-75FE189E4176}.Release|Any CPU.Build.0 = Release|Any CPU
		{B81866EE-F1DD-420E-A081-EEA43B914B20}.Debug|Any CPU.ActiveCfg = Debug|Any CPU
		{B81866EE-F1DD-420E-A081-EEA43B914B20}.Debug|Any CPU.Build.0 = Debug|Any CPU
		{B81866EE-F1DD-420E-A081-EEA43B914B20}.Release|Any CPU.ActiveCfg = Release|Any CPU
		{B81866EE-F1DD-420E-A081-EEA43B914B20}.Release|Any CPU.Build.0 = Release|Any CPU
		{F9FBEF53-922C-4EAD-B19D-75EDD65AF517}.Debug|Any CPU.ActiveCfg = Debug|Any CPU
		{F9FBEF53-922C-4EAD-B19D-75EDD65AF517}.Debug|Any CPU.Build.0 = Debug|Any CPU
		{F9FBEF53-922C-4EAD-B19D-75EDD65AF517}.Release|Any CPU.ActiveCfg = Release|Any CPU
		{F9FBEF53-922C-4EAD-B19D-75EDD65AF517}.Release|Any CPU.Build.0 = Release|Any CPU
		{E6E713EE-6F3B-4850-965C-CDE6B284EA1F}.Debug|Any CPU.ActiveCfg = Debug|Any CPU
		{E6E713EE-6F3B-4850-965C-CDE6B284EA1F}.Debug|Any CPU.Build.0 = Debug|Any CPU
		{E6E713EE-6F3B-4850-965C-CDE6B284EA1F}.Release|Any CPU.ActiveCfg = Release|Any CPU
		{E6E713EE-6F3B-4850-965C-CDE6B284EA1F}.Release|Any CPU.Build.0 = Release|Any CPU
		{CBEC6CE2-2E4D-4925-BDA5-FE9BFC165700}.Debug|Any CPU.ActiveCfg = Debug|Any CPU
		{CBEC6CE2-2E4D-4925-BDA5-FE9BFC165700}.Debug|Any CPU.Build.0 = Debug|Any CPU
		{CBEC6CE2-2E4D-4925-BDA5-FE9BFC165700}.Release|Any CPU.ActiveCfg = Release|Any CPU
		{CBEC6CE2-2E4D-4925-BDA5-FE9BFC165700}.Release|Any CPU.Build.0 = Release|Any CPU
		{D5EEF7AE-62C5-4923-B526-E17375A23FDD}.Debug|Any CPU.ActiveCfg = Debug|Any CPU
		{D5EEF7AE-62C5-4923-B526-E17375A23FDD}.Debug|Any CPU.Build.0 = Debug|Any CPU
		{D5EEF7AE-62C5-4923-B526-E17375A23FDD}.Release|Any CPU.ActiveCfg = Release|Any CPU
		{D5EEF7AE-62C5-4923-B526-E17375A23FDD}.Release|Any CPU.Build.0 = Release|Any CPU
		{4E4C0464-BD3F-4929-BFF8-DCC13FDBD0E6}.Debug|Any CPU.ActiveCfg = Debug|Any CPU
		{4E4C0464-BD3F-4929-BFF8-DCC13FDBD0E6}.Debug|Any CPU.Build.0 = Debug|Any CPU
		{4E4C0464-BD3F-4929-BFF8-DCC13FDBD0E6}.Release|Any CPU.ActiveCfg = Release|Any CPU
		{4E4C0464-BD3F-4929-BFF8-DCC13FDBD0E6}.Release|Any CPU.Build.0 = Release|Any CPU
		{9CA338D2-5053-4874-8499-A8535C153EF6}.Debug|Any CPU.ActiveCfg = Debug|Any CPU
		{9CA338D2-5053-4874-8499-A8535C153EF6}.Debug|Any CPU.Build.0 = Debug|Any CPU
		{9CA338D2-5053-4874-8499-A8535C153EF6}.Release|Any CPU.ActiveCfg = Release|Any CPU
		{9CA338D2-5053-4874-8499-A8535C153EF6}.Release|Any CPU.Build.0 = Release|Any CPU
		{FDF451B5-2EF3-4E70-9BDD-287E59A321BD}.Debug|Any CPU.ActiveCfg = Debug|Any CPU
		{FDF451B5-2EF3-4E70-9BDD-287E59A321BD}.Debug|Any CPU.Build.0 = Debug|Any CPU
		{FDF451B5-2EF3-4E70-9BDD-287E59A321BD}.Release|Any CPU.ActiveCfg = Release|Any CPU
		{FDF451B5-2EF3-4E70-9BDD-287E59A321BD}.Release|Any CPU.Build.0 = Release|Any CPU
		{0C547FE1-AE93-4074-A399-1CA873EFFBE5}.Debug|Any CPU.ActiveCfg = Debug|Any CPU
		{0C547FE1-AE93-4074-A399-1CA873EFFBE5}.Debug|Any CPU.Build.0 = Debug|Any CPU
		{0C547FE1-AE93-4074-A399-1CA873EFFBE5}.Release|Any CPU.ActiveCfg = Release|Any CPU
		{0C547FE1-AE93-4074-A399-1CA873EFFBE5}.Release|Any CPU.Build.0 = Release|Any CPU
		{3EF62173-CC5C-42FA-A4B9-85F2DE93F96A}.Debug|Any CPU.ActiveCfg = Debug|Any CPU
		{3EF62173-CC5C-42FA-A4B9-85F2DE93F96A}.Debug|Any CPU.Build.0 = Debug|Any CPU
		{3EF62173-CC5C-42FA-A4B9-85F2DE93F96A}.Release|Any CPU.ActiveCfg = Release|Any CPU
		{3EF62173-CC5C-42FA-A4B9-85F2DE93F96A}.Release|Any CPU.Build.0 = Release|Any CPU
		{E0A3B53C-A412-407A-B770-4B7DF5D3B794}.Debug|Any CPU.ActiveCfg = Debug|Any CPU
		{E0A3B53C-A412-407A-B770-4B7DF5D3B794}.Debug|Any CPU.Build.0 = Debug|Any CPU
		{E0A3B53C-A412-407A-B770-4B7DF5D3B794}.Release|Any CPU.ActiveCfg = Release|Any CPU
		{E0A3B53C-A412-407A-B770-4B7DF5D3B794}.Release|Any CPU.Build.0 = Release|Any CPU
		{FBA0650C-8C13-4171-B53B-29D5FF740E84}.Debug|Any CPU.ActiveCfg = Debug|Any CPU
		{FBA0650C-8C13-4171-B53B-29D5FF740E84}.Debug|Any CPU.Build.0 = Debug|Any CPU
		{FBA0650C-8C13-4171-B53B-29D5FF740E84}.Release|Any CPU.ActiveCfg = Release|Any CPU
		{FBA0650C-8C13-4171-B53B-29D5FF740E84}.Release|Any CPU.Build.0 = Release|Any CPU
		{E6FB00F1-4DB1-4668-8A2E-60FEE6E36691}.Debug|Any CPU.ActiveCfg = Debug|Any CPU
		{E6FB00F1-4DB1-4668-8A2E-60FEE6E36691}.Debug|Any CPU.Build.0 = Debug|Any CPU
		{E6FB00F1-4DB1-4668-8A2E-60FEE6E36691}.Release|Any CPU.ActiveCfg = Release|Any CPU
		{E6FB00F1-4DB1-4668-8A2E-60FEE6E36691}.Release|Any CPU.Build.0 = Release|Any CPU
		{8A241A0C-31AF-4E15-BBFF-5D44E89B759C}.Debug|Any CPU.ActiveCfg = Debug|Any CPU
		{8A241A0C-31AF-4E15-BBFF-5D44E89B759C}.Debug|Any CPU.Build.0 = Debug|Any CPU
		{8A241A0C-31AF-4E15-BBFF-5D44E89B759C}.Release|Any CPU.ActiveCfg = Release|Any CPU
		{8A241A0C-31AF-4E15-BBFF-5D44E89B759C}.Release|Any CPU.Build.0 = Release|Any CPU
		{59CC30D6-DBBE-4CDA-A3B0-EED9AE9D5247}.Debug|Any CPU.ActiveCfg = Debug|Any CPU
		{59CC30D6-DBBE-4CDA-A3B0-EED9AE9D5247}.Debug|Any CPU.Build.0 = Debug|Any CPU
		{59CC30D6-DBBE-4CDA-A3B0-EED9AE9D5247}.Release|Any CPU.ActiveCfg = Release|Any CPU
		{59CC30D6-DBBE-4CDA-A3B0-EED9AE9D5247}.Release|Any CPU.Build.0 = Release|Any CPU
		{563AE08D-34C1-4CE8-8B76-FA261C45E6F6}.Debug|Any CPU.ActiveCfg = Debug|Any CPU
		{563AE08D-34C1-4CE8-8B76-FA261C45E6F6}.Debug|Any CPU.Build.0 = Debug|Any CPU
		{563AE08D-34C1-4CE8-8B76-FA261C45E6F6}.Release|Any CPU.ActiveCfg = Release|Any CPU
		{563AE08D-34C1-4CE8-8B76-FA261C45E6F6}.Release|Any CPU.Build.0 = Release|Any CPU
		{CB60EC16-DC2C-4888-B7AF-B7513A04EB80}.Debug|Any CPU.ActiveCfg = Debug|Any CPU
		{CB60EC16-DC2C-4888-B7AF-B7513A04EB80}.Debug|Any CPU.Build.0 = Debug|Any CPU
		{CB60EC16-DC2C-4888-B7AF-B7513A04EB80}.Release|Any CPU.ActiveCfg = Release|Any CPU
		{CB60EC16-DC2C-4888-B7AF-B7513A04EB80}.Release|Any CPU.Build.0 = Release|Any CPU
		{7EFB52E2-151F-46ED-BCA4-BD9E4579FA98}.Debug|Any CPU.ActiveCfg = Debug|Any CPU
		{7EFB52E2-151F-46ED-BCA4-BD9E4579FA98}.Debug|Any CPU.Build.0 = Debug|Any CPU
		{7EFB52E2-151F-46ED-BCA4-BD9E4579FA98}.Release|Any CPU.ActiveCfg = Release|Any CPU
		{7EFB52E2-151F-46ED-BCA4-BD9E4579FA98}.Release|Any CPU.Build.0 = Release|Any CPU
		{C5EAB6EF-4435-4940-97B0-E16AA190982B}.Debug|Any CPU.ActiveCfg = Debug|Any CPU
		{C5EAB6EF-4435-4940-97B0-E16AA190982B}.Debug|Any CPU.Build.0 = Debug|Any CPU
		{C5EAB6EF-4435-4940-97B0-E16AA190982B}.Release|Any CPU.ActiveCfg = Release|Any CPU
		{C5EAB6EF-4435-4940-97B0-E16AA190982B}.Release|Any CPU.Build.0 = Release|Any CPU
		{1C80D699-7E62-4C3A-B029-FA215CFA16DD}.Debug|Any CPU.ActiveCfg = Debug|Any CPU
		{1C80D699-7E62-4C3A-B029-FA215CFA16DD}.Debug|Any CPU.Build.0 = Debug|Any CPU
		{1C80D699-7E62-4C3A-B029-FA215CFA16DD}.Release|Any CPU.ActiveCfg = Release|Any CPU
		{1C80D699-7E62-4C3A-B029-FA215CFA16DD}.Release|Any CPU.Build.0 = Release|Any CPU
		{D6209EF8-A435-40CF-9A25-680C5F0C8922}.Debug|Any CPU.ActiveCfg = Debug|Any CPU
		{D6209EF8-A435-40CF-9A25-680C5F0C8922}.Debug|Any CPU.Build.0 = Debug|Any CPU
		{D6209EF8-A435-40CF-9A25-680C5F0C8922}.Release|Any CPU.ActiveCfg = Release|Any CPU
		{D6209EF8-A435-40CF-9A25-680C5F0C8922}.Release|Any CPU.Build.0 = Release|Any CPU
		{0D062BA9-1F2C-4359-8C7A-34556719FE33}.Debug|Any CPU.ActiveCfg = Debug|Any CPU
		{0D062BA9-1F2C-4359-8C7A-34556719FE33}.Debug|Any CPU.Build.0 = Debug|Any CPU
		{0D062BA9-1F2C-4359-8C7A-34556719FE33}.Release|Any CPU.ActiveCfg = Release|Any CPU
		{0D062BA9-1F2C-4359-8C7A-34556719FE33}.Release|Any CPU.Build.0 = Release|Any CPU
	EndGlobalSection
	GlobalSection(SolutionProperties) = preSolution
		HideSolutionNode = FALSE
	EndGlobalSection
	GlobalSection(NestedProjects) = preSolution
		{A1FD4DC3-593D-44B2-8F2C-7F3FFFFF2C27} = {715043C9-81B4-4F32-972B-BADB5AED36B9}
		{253EFF0D-2FDC-4616-9B12-A96E3A2325D7} = {A1FD4DC3-593D-44B2-8F2C-7F3FFFFF2C27}
		{FF9D9A77-E047-4DFB-8B34-75FE189E4176} = {A1FD4DC3-593D-44B2-8F2C-7F3FFFFF2C27}
		{B1B21C74-ACA5-46B9-A157-897FB440FFA8} = {715043C9-81B4-4F32-972B-BADB5AED36B9}
		{B81866EE-F1DD-420E-A081-EEA43B914B20} = {B1B21C74-ACA5-46B9-A157-897FB440FFA8}
		{A35B494D-1C8D-4A4B-9566-D009BE17FC5D} = {715043C9-81B4-4F32-972B-BADB5AED36B9}
		{F9FBEF53-922C-4EAD-B19D-75EDD65AF517} = {A35B494D-1C8D-4A4B-9566-D009BE17FC5D}
		{03EA822D-BC2E-4A28-B62E-7755CECE8587} = {715043C9-81B4-4F32-972B-BADB5AED36B9}
		{E6E713EE-6F3B-4850-965C-CDE6B284EA1F} = {03EA822D-BC2E-4A28-B62E-7755CECE8587}
		{FA1CC0C8-6FAB-4F38-8E6B-80D03071E3EB} = {715043C9-81B4-4F32-972B-BADB5AED36B9}
		{CBEC6CE2-2E4D-4925-BDA5-FE9BFC165700} = {FA1CC0C8-6FAB-4F38-8E6B-80D03071E3EB}
		{D5EEF7AE-62C5-4923-B526-E17375A23FDD} = {FA1CC0C8-6FAB-4F38-8E6B-80D03071E3EB}
		{7781EC55-9CA3-4F16-B5E3-8BC69C8151A5} = {715043C9-81B4-4F32-972B-BADB5AED36B9}
		{4E4C0464-BD3F-4929-BFF8-DCC13FDBD0E6} = {7781EC55-9CA3-4F16-B5E3-8BC69C8151A5}
		{9CA338D2-5053-4874-8499-A8535C153EF6} = {7781EC55-9CA3-4F16-B5E3-8BC69C8151A5}
		{E54C1343-53A7-4B19-9727-454062F59107} = {715043C9-81B4-4F32-972B-BADB5AED36B9}
		{FDF451B5-2EF3-4E70-9BDD-287E59A321BD} = {E54C1343-53A7-4B19-9727-454062F59107}
		{0C547FE1-AE93-4074-A399-1CA873EFFBE5} = {E54C1343-53A7-4B19-9727-454062F59107}
		{8AD6419B-F3E7-49FD-A97E-5985C560A68A} = {715043C9-81B4-4F32-972B-BADB5AED36B9}
		{3EF62173-CC5C-42FA-A4B9-85F2DE93F96A} = {8AD6419B-F3E7-49FD-A97E-5985C560A68A}
		{05FE2092-D29F-4C94-86C3-9C2BE9392736} = {715043C9-81B4-4F32-972B-BADB5AED36B9}
		{DD735CC9-F6E7-4BD9-924D-E4548A7CE7E5} = {05FE2092-D29F-4C94-86C3-9C2BE9392736}
		{E0A3B53C-A412-407A-B770-4B7DF5D3B794} = {DD735CC9-F6E7-4BD9-924D-E4548A7CE7E5}
		{01FEE9AE-F295-4851-A2BE-09F3253AAA51} = {8AD6419B-F3E7-49FD-A97E-5985C560A68A}
		{FBA0650C-8C13-4171-B53B-29D5FF740E84} = {01FEE9AE-F295-4851-A2BE-09F3253AAA51}
		{E3038C98-E2FF-4653-BAE1-14D9E5F943BA} = {7781EC55-9CA3-4F16-B5E3-8BC69C8151A5}
		{1951AD6D-E78A-4885-80C0-E482A26F3054} = {E3038C98-E2FF-4653-BAE1-14D9E5F943BA}
		{E6FB00F1-4DB1-4668-8A2E-60FEE6E36691} = {1951AD6D-E78A-4885-80C0-E482A26F3054}
		{8A241A0C-31AF-4E15-BBFF-5D44E89B759C} = {1951AD6D-E78A-4885-80C0-E482A26F3054}
		{59CC30D6-DBBE-4CDA-A3B0-EED9AE9D5247} = {1951AD6D-E78A-4885-80C0-E482A26F3054}
		{563AE08D-34C1-4CE8-8B76-FA261C45E6F6} = {1951AD6D-E78A-4885-80C0-E482A26F3054}
		{CB60EC16-DC2C-4888-B7AF-B7513A04EB80} = {1951AD6D-E78A-4885-80C0-E482A26F3054}
		{7EFB52E2-151F-46ED-BCA4-BD9E4579FA98} = {1951AD6D-E78A-4885-80C0-E482A26F3054}
		{C5EAB6EF-4435-4940-97B0-E16AA190982B} = {1951AD6D-E78A-4885-80C0-E482A26F3054}
		{1C80D699-7E62-4C3A-B029-FA215CFA16DD} = {1951AD6D-E78A-4885-80C0-E482A26F3054}
		{D6209EF8-A435-40CF-9A25-680C5F0C8922} = {1951AD6D-E78A-4885-80C0-E482A26F3054}
		{0D062BA9-1F2C-4359-8C7A-34556719FE33} = {1951AD6D-E78A-4885-80C0-E482A26F3054}
	EndGlobalSection
	GlobalSection(ExtensibilityGlobals) = postSolution
		SolutionGuid = {CE4B245C-C0DD-47EA-B816-8126FDBDEC3A}
	EndGlobalSection
EndGlobal
