
Microsoft Visual Studio Solution File, Format Version 12.00
# Visual Studio Version 17
VisualStudioVersion = 17.5.002.0
MinimumVisualStudioVersion = 10.0.40219.1
Project("{2150E333-8FDC-42A3-9474-1A3956D46DE8}") = "Course", "Course", "{3FE5B4D7-79E0-4D42-9824-DC3A11B1D8C5}"
EndProject
Project("{9A19103F-16F7-4668-BE54-9A1E7A4F7556}") = "Lesson1", "Course\Lesson1\Lesson1.csproj", "{7A2C139E-82A8-421B-A247-AB2E43984331}"
EndProject
Project("{2150E333-8FDC-42A3-9474-1A3956D46DE8}") = "Lesson1 (1)", "Lesson1", "{7F899170-785B-4CE8-808F-C0F6A87BA7E7}"
EndProject
Project("{9A19103F-16F7-4668-BE54-9A1E7A4F7556}") = "PracticeC", "Course\Lesson1\PracticeC\PracticeC.csproj", "{61B930C9-B0A6-4A79-9FC7-69229C1B8270}"
EndProject
Project("{9A19103F-16F7-4668-BE54-9A1E7A4F7556}") = "PracticeB", "Course\Lesson1\PracticeB\PracticeB.csproj", "{F80818A1-CE31-45BE-AC06-03DFFC362DDC}"
EndProject
Project("{9A19103F-16F7-4668-BE54-9A1E7A4F7556}") = "PracticeA", "Course\Lesson1\PracticeA\PracticeA.csproj", "{1A604320-47F5-43BA-9B30-82988C05B7B0}"
EndProject
Project("{2150E333-8FDC-42A3-9474-1A3956D46DE8}") = "Lesson2", "Lesson2", "{E6CB24FC-C2D5-48F3-A547-2D0C97EB9FFC}"
EndProject
Project("{FAE04EC0-301F-11D3-BF4B-00C04F79EFBC}") = "Homw1", "Course\Lesson2\Homw1\Homw1.csproj", "{6DE67B4D-2C86-41D9-ADB4-5911EF06F320}"
EndProject
Project("{FAE04EC0-301F-11D3-BF4B-00C04F79EFBC}") = "Homw2", "Course\Lesson2\Homw2\Homw2.csproj", "{756D2171-A574-43B2-85DE-E669D9009898}"
EndProject
Project("{2150E333-8FDC-42A3-9474-1A3956D46DE8}") = "Lesson3", "Lesson3", "{60808765-8880-4CC8-B561-6DDDAD21E8C1}"
EndProject
Project("{FAE04EC0-301F-11D3-BF4B-00C04F79EFBC}") = "Task1", "Course\Lesson3\Task1\Task1.csproj", "{BD76C11B-D5C6-4058-B81D-9E8BCD83819B}"
EndProject
Project("{FAE04EC0-301F-11D3-BF4B-00C04F79EFBC}") = "Task2", "Course\Lesson3\Task2\Task2.csproj", "{48B47B00-27E1-4760-84EE-97EDF3358F44}"
EndProject
Project("{FAE04EC0-301F-11D3-BF4B-00C04F79EFBC}") = "Task3", "Course\Lesson3\Task3\Task3.csproj", "{A88283C4-464E-49D7-986A-6A1BB81BA674}"
EndProject
Project("{FAE04EC0-301F-11D3-BF4B-00C04F79EFBC}") = "Task4", "Course\Lesson3\Task4\Task4.csproj", "{53631468-FE02-47F8-9D71-15A8BF1AE871}"
EndProject
Project("{FAE04EC0-301F-11D3-BF4B-00C04F79EFBC}") = "Task5", "Course\Lesson3\Task5\Task5.csproj", "{A8346FF2-F68D-4489-9B32-03E7E3C9AD3B}"
EndProject
Project("{FAE04EC0-301F-11D3-BF4B-00C04F79EFBC}") = "Task6", "Course\Lesson3\Task6\Task6.csproj", "{70D71D60-70BD-457C-9658-969FF6B124D6}"
EndProject
Project("{FAE04EC0-301F-11D3-BF4B-00C04F79EFBC}") = "Task7", "Course\Lesson3\Task7\Task7.csproj", "{F19F2535-426E-48F1-B048-F479FDF18038}"
EndProject
Project("{FAE04EC0-301F-11D3-BF4B-00C04F79EFBC}") = "Task8", "Course\Lesson3\Task8\Task8.csproj", "{749DEAFA-B44C-4A11-AC52-43876661F5D6}"
EndProject
Project("{FAE04EC0-301F-11D3-BF4B-00C04F79EFBC}") = "Task9", "Course\Lesson3\Task9\Task9.csproj", "{79B19320-AC52-4EBB-A3E7-47B6CD4CB44E}"
EndProject
Project("{2150E333-8FDC-42A3-9474-1A3956D46DE8}") = "Lesson4", "Lesson4", "{ACD6448F-3721-43E2-972A-2DEAA1311383}"
EndProject
Project("{FAE04EC0-301F-11D3-BF4B-00C04F79EFBC}") = "Task", "Course\Lesson4\Task\Task.csproj", "{F00FB445-7014-46BA-93B5-DC5E26BC4384}"
EndProject
Project("{FAE04EC0-301F-11D3-BF4B-00C04F79EFBC}") = "Tsk2", "Course\Lesson4\Tsk2\Tsk2.csproj", "{9E4E2EE1-4677-404F-AE73-48BAA4E13FED}"
EndProject
Project("{FAE04EC0-301F-11D3-BF4B-00C04F79EFBC}") = "Tsk3", "Course\Lesson4\Tsk3\Tsk3.csproj", "{ED7FCF5A-DA6F-415C-9B88-B2DCE2B66B7B}"
EndProject
Project("{FAE04EC0-301F-11D3-BF4B-00C04F79EFBC}") = "Tsk4", "Course\Lesson4\Tsk4\Tsk4.csproj", "{3675CC2A-7B52-4867-AB75-7742CFA6E512}"
EndProject
Project("{FAE04EC0-301F-11D3-BF4B-00C04F79EFBC}") = "Tsk5", "Course\Lesson4\Tsk5\Tsk5.csproj", "{11131AEF-DBB4-4E97-978E-0C003D4F67F8}"
EndProject
Project("{FAE04EC0-301F-11D3-BF4B-00C04F79EFBC}") = "Tsk6", "Course\Lesson4\Tsk6\Tsk6.csproj", "{A0418E05-6B88-48AC-B39E-3F87D060FEE3}"
EndProject
Project("{FAE04EC0-301F-11D3-BF4B-00C04F79EFBC}") = "Tsk7", "Course\Lesson4\Tsk7\Tsk7.csproj", "{D721D9EF-FB82-440F-81E0-E4D3367631C0}"
EndProject
Project("{FAE04EC0-301F-11D3-BF4B-00C04F79EFBC}") = "Tsk8", "Course\Lesson4\Tsk8\Tsk8.csproj", "{A7EAE281-7ECF-4F62-AC32-8DE1F2974199}"
EndProject
Project("{FAE04EC0-301F-11D3-BF4B-00C04F79EFBC}") = "Tsk9", "Course\Lesson4\Tsk9\Tsk9.csproj", "{4DB0C807-32F6-41F9-8018-2BA01FFF62D3}"
EndProject
Project("{FAE04EC0-301F-11D3-BF4B-00C04F79EFBC}") = "Tsk10", "Course\Lesson4\Tsk10\Tsk10.csproj", "{2C745667-3B81-4546-8207-61DF134568BB}"
EndProject
Global
	GlobalSection(SolutionConfigurationPlatforms) = preSolution
		Debug|Any CPU = Debug|Any CPU
		Release|Any CPU = Release|Any CPU
	EndGlobalSection
	GlobalSection(ProjectConfigurationPlatforms) = postSolution
		{7A2C139E-82A8-421B-A247-AB2E43984331}.Debug|Any CPU.ActiveCfg = Debug|Any CPU
		{7A2C139E-82A8-421B-A247-AB2E43984331}.Debug|Any CPU.Build.0 = Debug|Any CPU
		{7A2C139E-82A8-421B-A247-AB2E43984331}.Release|Any CPU.ActiveCfg = Release|Any CPU
		{7A2C139E-82A8-421B-A247-AB2E43984331}.Release|Any CPU.Build.0 = Release|Any CPU
		{61B930C9-B0A6-4A79-9FC7-69229C1B8270}.Debug|Any CPU.ActiveCfg = Debug|Any CPU
		{61B930C9-B0A6-4A79-9FC7-69229C1B8270}.Debug|Any CPU.Build.0 = Debug|Any CPU
		{61B930C9-B0A6-4A79-9FC7-69229C1B8270}.Release|Any CPU.ActiveCfg = Release|Any CPU
		{61B930C9-B0A6-4A79-9FC7-69229C1B8270}.Release|Any CPU.Build.0 = Release|Any CPU
		{F80818A1-CE31-45BE-AC06-03DFFC362DDC}.Debug|Any CPU.ActiveCfg = Debug|Any CPU
		{F80818A1-CE31-45BE-AC06-03DFFC362DDC}.Debug|Any CPU.Build.0 = Debug|Any CPU
		{F80818A1-CE31-45BE-AC06-03DFFC362DDC}.Release|Any CPU.ActiveCfg = Release|Any CPU
		{F80818A1-CE31-45BE-AC06-03DFFC362DDC}.Release|Any CPU.Build.0 = Release|Any CPU
		{1A604320-47F5-43BA-9B30-82988C05B7B0}.Debug|Any CPU.ActiveCfg = Debug|Any CPU
		{1A604320-47F5-43BA-9B30-82988C05B7B0}.Debug|Any CPU.Build.0 = Debug|Any CPU
		{1A604320-47F5-43BA-9B30-82988C05B7B0}.Release|Any CPU.ActiveCfg = Release|Any CPU
		{1A604320-47F5-43BA-9B30-82988C05B7B0}.Release|Any CPU.Build.0 = Release|Any CPU
		{6DE67B4D-2C86-41D9-ADB4-5911EF06F320}.Debug|Any CPU.ActiveCfg = Debug|Any CPU
		{6DE67B4D-2C86-41D9-ADB4-5911EF06F320}.Debug|Any CPU.Build.0 = Debug|Any CPU
		{6DE67B4D-2C86-41D9-ADB4-5911EF06F320}.Release|Any CPU.ActiveCfg = Release|Any CPU
		{6DE67B4D-2C86-41D9-ADB4-5911EF06F320}.Release|Any CPU.Build.0 = Release|Any CPU
		{756D2171-A574-43B2-85DE-E669D9009898}.Debug|Any CPU.ActiveCfg = Debug|Any CPU
		{756D2171-A574-43B2-85DE-E669D9009898}.Debug|Any CPU.Build.0 = Debug|Any CPU
		{756D2171-A574-43B2-85DE-E669D9009898}.Release|Any CPU.ActiveCfg = Release|Any CPU
		{756D2171-A574-43B2-85DE-E669D9009898}.Release|Any CPU.Build.0 = Release|Any CPU
		{BD76C11B-D5C6-4058-B81D-9E8BCD83819B}.Debug|Any CPU.ActiveCfg = Debug|Any CPU
		{BD76C11B-D5C6-4058-B81D-9E8BCD83819B}.Debug|Any CPU.Build.0 = Debug|Any CPU
		{BD76C11B-D5C6-4058-B81D-9E8BCD83819B}.Release|Any CPU.ActiveCfg = Release|Any CPU
		{BD76C11B-D5C6-4058-B81D-9E8BCD83819B}.Release|Any CPU.Build.0 = Release|Any CPU
		{48B47B00-27E1-4760-84EE-97EDF3358F44}.Debug|Any CPU.ActiveCfg = Debug|Any CPU
		{48B47B00-27E1-4760-84EE-97EDF3358F44}.Debug|Any CPU.Build.0 = Debug|Any CPU
		{48B47B00-27E1-4760-84EE-97EDF3358F44}.Release|Any CPU.ActiveCfg = Release|Any CPU
		{48B47B00-27E1-4760-84EE-97EDF3358F44}.Release|Any CPU.Build.0 = Release|Any CPU
		{A88283C4-464E-49D7-986A-6A1BB81BA674}.Debug|Any CPU.ActiveCfg = Debug|Any CPU
		{A88283C4-464E-49D7-986A-6A1BB81BA674}.Debug|Any CPU.Build.0 = Debug|Any CPU
		{A88283C4-464E-49D7-986A-6A1BB81BA674}.Release|Any CPU.ActiveCfg = Release|Any CPU
		{A88283C4-464E-49D7-986A-6A1BB81BA674}.Release|Any CPU.Build.0 = Release|Any CPU
		{53631468-FE02-47F8-9D71-15A8BF1AE871}.Debug|Any CPU.ActiveCfg = Debug|Any CPU
		{53631468-FE02-47F8-9D71-15A8BF1AE871}.Debug|Any CPU.Build.0 = Debug|Any CPU
		{53631468-FE02-47F8-9D71-15A8BF1AE871}.Release|Any CPU.ActiveCfg = Release|Any CPU
		{53631468-FE02-47F8-9D71-15A8BF1AE871}.Release|Any CPU.Build.0 = Release|Any CPU
		{A8346FF2-F68D-4489-9B32-03E7E3C9AD3B}.Debug|Any CPU.ActiveCfg = Debug|Any CPU
		{A8346FF2-F68D-4489-9B32-03E7E3C9AD3B}.Debug|Any CPU.Build.0 = Debug|Any CPU
		{A8346FF2-F68D-4489-9B32-03E7E3C9AD3B}.Release|Any CPU.ActiveCfg = Release|Any CPU
		{A8346FF2-F68D-4489-9B32-03E7E3C9AD3B}.Release|Any CPU.Build.0 = Release|Any CPU
		{70D71D60-70BD-457C-9658-969FF6B124D6}.Debug|Any CPU.ActiveCfg = Debug|Any CPU
		{70D71D60-70BD-457C-9658-969FF6B124D6}.Debug|Any CPU.Build.0 = Debug|Any CPU
		{70D71D60-70BD-457C-9658-969FF6B124D6}.Release|Any CPU.ActiveCfg = Release|Any CPU
		{70D71D60-70BD-457C-9658-969FF6B124D6}.Release|Any CPU.Build.0 = Release|Any CPU
		{F19F2535-426E-48F1-B048-F479FDF18038}.Debug|Any CPU.ActiveCfg = Debug|Any CPU
		{F19F2535-426E-48F1-B048-F479FDF18038}.Debug|Any CPU.Build.0 = Debug|Any CPU
		{F19F2535-426E-48F1-B048-F479FDF18038}.Release|Any CPU.ActiveCfg = Release|Any CPU
		{F19F2535-426E-48F1-B048-F479FDF18038}.Release|Any CPU.Build.0 = Release|Any CPU
		{749DEAFA-B44C-4A11-AC52-43876661F5D6}.Debug|Any CPU.ActiveCfg = Debug|Any CPU
		{749DEAFA-B44C-4A11-AC52-43876661F5D6}.Debug|Any CPU.Build.0 = Debug|Any CPU
		{749DEAFA-B44C-4A11-AC52-43876661F5D6}.Release|Any CPU.ActiveCfg = Release|Any CPU
		{749DEAFA-B44C-4A11-AC52-43876661F5D6}.Release|Any CPU.Build.0 = Release|Any CPU
		{79B19320-AC52-4EBB-A3E7-47B6CD4CB44E}.Debug|Any CPU.ActiveCfg = Debug|Any CPU
		{79B19320-AC52-4EBB-A3E7-47B6CD4CB44E}.Debug|Any CPU.Build.0 = Debug|Any CPU
		{79B19320-AC52-4EBB-A3E7-47B6CD4CB44E}.Release|Any CPU.ActiveCfg = Release|Any CPU
		{79B19320-AC52-4EBB-A3E7-47B6CD4CB44E}.Release|Any CPU.Build.0 = Release|Any CPU
		{F00FB445-7014-46BA-93B5-DC5E26BC4384}.Debug|Any CPU.ActiveCfg = Debug|Any CPU
		{F00FB445-7014-46BA-93B5-DC5E26BC4384}.Debug|Any CPU.Build.0 = Debug|Any CPU
		{F00FB445-7014-46BA-93B5-DC5E26BC4384}.Release|Any CPU.ActiveCfg = Release|Any CPU
		{F00FB445-7014-46BA-93B5-DC5E26BC4384}.Release|Any CPU.Build.0 = Release|Any CPU
		{9E4E2EE1-4677-404F-AE73-48BAA4E13FED}.Debug|Any CPU.ActiveCfg = Debug|Any CPU
		{9E4E2EE1-4677-404F-AE73-48BAA4E13FED}.Debug|Any CPU.Build.0 = Debug|Any CPU
		{9E4E2EE1-4677-404F-AE73-48BAA4E13FED}.Release|Any CPU.ActiveCfg = Release|Any CPU
		{9E4E2EE1-4677-404F-AE73-48BAA4E13FED}.Release|Any CPU.Build.0 = Release|Any CPU
		{ED7FCF5A-DA6F-415C-9B88-B2DCE2B66B7B}.Debug|Any CPU.ActiveCfg = Debug|Any CPU
		{ED7FCF5A-DA6F-415C-9B88-B2DCE2B66B7B}.Debug|Any CPU.Build.0 = Debug|Any CPU
		{ED7FCF5A-DA6F-415C-9B88-B2DCE2B66B7B}.Release|Any CPU.ActiveCfg = Release|Any CPU
		{ED7FCF5A-DA6F-415C-9B88-B2DCE2B66B7B}.Release|Any CPU.Build.0 = Release|Any CPU
		{3675CC2A-7B52-4867-AB75-7742CFA6E512}.Debug|Any CPU.ActiveCfg = Debug|Any CPU
		{3675CC2A-7B52-4867-AB75-7742CFA6E512}.Debug|Any CPU.Build.0 = Debug|Any CPU
		{3675CC2A-7B52-4867-AB75-7742CFA6E512}.Release|Any CPU.ActiveCfg = Release|Any CPU
		{3675CC2A-7B52-4867-AB75-7742CFA6E512}.Release|Any CPU.Build.0 = Release|Any CPU
		{11131AEF-DBB4-4E97-978E-0C003D4F67F8}.Debug|Any CPU.ActiveCfg = Debug|Any CPU
		{11131AEF-DBB4-4E97-978E-0C003D4F67F8}.Debug|Any CPU.Build.0 = Debug|Any CPU
		{11131AEF-DBB4-4E97-978E-0C003D4F67F8}.Release|Any CPU.ActiveCfg = Release|Any CPU
		{11131AEF-DBB4-4E97-978E-0C003D4F67F8}.Release|Any CPU.Build.0 = Release|Any CPU
		{A0418E05-6B88-48AC-B39E-3F87D060FEE3}.Debug|Any CPU.ActiveCfg = Debug|Any CPU
		{A0418E05-6B88-48AC-B39E-3F87D060FEE3}.Debug|Any CPU.Build.0 = Debug|Any CPU
		{A0418E05-6B88-48AC-B39E-3F87D060FEE3}.Release|Any CPU.ActiveCfg = Release|Any CPU
		{A0418E05-6B88-48AC-B39E-3F87D060FEE3}.Release|Any CPU.Build.0 = Release|Any CPU
		{D721D9EF-FB82-440F-81E0-E4D3367631C0}.Debug|Any CPU.ActiveCfg = Debug|Any CPU
		{D721D9EF-FB82-440F-81E0-E4D3367631C0}.Debug|Any CPU.Build.0 = Debug|Any CPU
		{D721D9EF-FB82-440F-81E0-E4D3367631C0}.Release|Any CPU.ActiveCfg = Release|Any CPU
		{D721D9EF-FB82-440F-81E0-E4D3367631C0}.Release|Any CPU.Build.0 = Release|Any CPU
		{A7EAE281-7ECF-4F62-AC32-8DE1F2974199}.Debug|Any CPU.ActiveCfg = Debug|Any CPU
		{A7EAE281-7ECF-4F62-AC32-8DE1F2974199}.Debug|Any CPU.Build.0 = Debug|Any CPU
		{A7EAE281-7ECF-4F62-AC32-8DE1F2974199}.Release|Any CPU.ActiveCfg = Release|Any CPU
		{A7EAE281-7ECF-4F62-AC32-8DE1F2974199}.Release|Any CPU.Build.0 = Release|Any CPU
		{4DB0C807-32F6-41F9-8018-2BA01FFF62D3}.Debug|Any CPU.ActiveCfg = Debug|Any CPU
		{4DB0C807-32F6-41F9-8018-2BA01FFF62D3}.Debug|Any CPU.Build.0 = Debug|Any CPU
		{4DB0C807-32F6-41F9-8018-2BA01FFF62D3}.Release|Any CPU.ActiveCfg = Release|Any CPU
		{4DB0C807-32F6-41F9-8018-2BA01FFF62D3}.Release|Any CPU.Build.0 = Release|Any CPU
		{2C745667-3B81-4546-8207-61DF134568BB}.Debug|Any CPU.ActiveCfg = Debug|Any CPU
		{2C745667-3B81-4546-8207-61DF134568BB}.Debug|Any CPU.Build.0 = Debug|Any CPU
		{2C745667-3B81-4546-8207-61DF134568BB}.Release|Any CPU.ActiveCfg = Release|Any CPU
		{2C745667-3B81-4546-8207-61DF134568BB}.Release|Any CPU.Build.0 = Release|Any CPU
	EndGlobalSection
	GlobalSection(SolutionProperties) = preSolution
		HideSolutionNode = FALSE
	EndGlobalSection
	GlobalSection(NestedProjects) = preSolution
		{7A2C139E-82A8-421B-A247-AB2E43984331} = {3FE5B4D7-79E0-4D42-9824-DC3A11B1D8C5}
		{7F899170-785B-4CE8-808F-C0F6A87BA7E7} = {3FE5B4D7-79E0-4D42-9824-DC3A11B1D8C5}
		{61B930C9-B0A6-4A79-9FC7-69229C1B8270} = {7F899170-785B-4CE8-808F-C0F6A87BA7E7}
		{F80818A1-CE31-45BE-AC06-03DFFC362DDC} = {7F899170-785B-4CE8-808F-C0F6A87BA7E7}
		{1A604320-47F5-43BA-9B30-82988C05B7B0} = {7F899170-785B-4CE8-808F-C0F6A87BA7E7}
		{E6CB24FC-C2D5-48F3-A547-2D0C97EB9FFC} = {3FE5B4D7-79E0-4D42-9824-DC3A11B1D8C5}
		{6DE67B4D-2C86-41D9-ADB4-5911EF06F320} = {E6CB24FC-C2D5-48F3-A547-2D0C97EB9FFC}
		{756D2171-A574-43B2-85DE-E669D9009898} = {E6CB24FC-C2D5-48F3-A547-2D0C97EB9FFC}
		{60808765-8880-4CC8-B561-6DDDAD21E8C1} = {3FE5B4D7-79E0-4D42-9824-DC3A11B1D8C5}
		{BD76C11B-D5C6-4058-B81D-9E8BCD83819B} = {60808765-8880-4CC8-B561-6DDDAD21E8C1}
		{48B47B00-27E1-4760-84EE-97EDF3358F44} = {60808765-8880-4CC8-B561-6DDDAD21E8C1}
		{A88283C4-464E-49D7-986A-6A1BB81BA674} = {60808765-8880-4CC8-B561-6DDDAD21E8C1}
		{53631468-FE02-47F8-9D71-15A8BF1AE871} = {60808765-8880-4CC8-B561-6DDDAD21E8C1}
		{A8346FF2-F68D-4489-9B32-03E7E3C9AD3B} = {60808765-8880-4CC8-B561-6DDDAD21E8C1}
		{70D71D60-70BD-457C-9658-969FF6B124D6} = {60808765-8880-4CC8-B561-6DDDAD21E8C1}
		{F19F2535-426E-48F1-B048-F479FDF18038} = {60808765-8880-4CC8-B561-6DDDAD21E8C1}
		{749DEAFA-B44C-4A11-AC52-43876661F5D6} = {60808765-8880-4CC8-B561-6DDDAD21E8C1}
		{79B19320-AC52-4EBB-A3E7-47B6CD4CB44E} = {60808765-8880-4CC8-B561-6DDDAD21E8C1}
		{ACD6448F-3721-43E2-972A-2DEAA1311383} = {3FE5B4D7-79E0-4D42-9824-DC3A11B1D8C5}
		{F00FB445-7014-46BA-93B5-DC5E26BC4384} = {ACD6448F-3721-43E2-972A-2DEAA1311383}
		{9E4E2EE1-4677-404F-AE73-48BAA4E13FED} = {ACD6448F-3721-43E2-972A-2DEAA1311383}
		{ED7FCF5A-DA6F-415C-9B88-B2DCE2B66B7B} = {ACD6448F-3721-43E2-972A-2DEAA1311383}
		{3675CC2A-7B52-4867-AB75-7742CFA6E512} = {ACD6448F-3721-43E2-972A-2DEAA1311383}
		{11131AEF-DBB4-4E97-978E-0C003D4F67F8} = {ACD6448F-3721-43E2-972A-2DEAA1311383}
		{A0418E05-6B88-48AC-B39E-3F87D060FEE3} = {ACD6448F-3721-43E2-972A-2DEAA1311383}
		{D721D9EF-FB82-440F-81E0-E4D3367631C0} = {ACD6448F-3721-43E2-972A-2DEAA1311383}
		{A7EAE281-7ECF-4F62-AC32-8DE1F2974199} = {ACD6448F-3721-43E2-972A-2DEAA1311383}
		{4DB0C807-32F6-41F9-8018-2BA01FFF62D3} = {ACD6448F-3721-43E2-972A-2DEAA1311383}
		{2C745667-3B81-4546-8207-61DF134568BB} = {ACD6448F-3721-43E2-972A-2DEAA1311383}
	EndGlobalSection
	GlobalSection(ExtensibilityGlobals) = postSolution
		SolutionGuid = {DE55028C-1AF1-402C-8CF0-E4BCEFB516F5}
	EndGlobalSection
EndGlobal
