
Microsoft Visual Studio Solution File, Format Version 12.00
# Visual Studio Version 17
VisualStudioVersion = 17.5.002.0
MinimumVisualStudioVersion = 10.0.40219.1
Project("{9A19103F-16F7-4668-BE54-9A1E7A4F7556}") = "Practice C", "Practice C.csproj", "{98287BFF-74D7-48F1-8519-3EB8E4B28B04}"
EndProject
Global
	GlobalSection(SolutionConfigurationPlatforms) = preSolution
		Debug|Any CPU = Debug|Any CPU
		Release|Any CPU = Release|Any CPU
	EndGlobalSection
	GlobalSection(ProjectConfigurationPlatforms) = postSolution
		{98287BFF-74D7-48F1-8519-3EB8E4B28B04}.Debug|Any CPU.ActiveCfg = Debug|Any CPU
		{98287BFF-74D7-48F1-8519-3EB8E4B28B04}.Debug|Any CPU.Build.0 = Debug|Any CPU
		{98287BFF-74D7-48F1-8519-3EB8E4B28B04}.Release|Any CPU.ActiveCfg = Release|Any CPU
		{98287BFF-74D7-48F1-8519-3EB8E4B28B04}.Release|Any CPU.Build.0 = Release|Any CPU
	EndGlobalSection
	GlobalSection(SolutionProperties) = preSolution
		HideSolutionNode = FALSE
	EndGlobalSection
	GlobalSection(ExtensibilityGlobals) = postSolution
		SolutionGuid = {868E67BA-9EB8-435E-AAFA-36E4DC861326}
	EndGlobalSection
EndGlobal
