
Microsoft Visual Studio Solution File, Format Version 12.00
# Visual Studio Version 17
VisualStudioVersion = 17.5.002.0
MinimumVisualStudioVersion = 10.0.40219.1
Project("{2150E333-8FDC-42A3-9474-1A3956D46DE8}") = "PracticeABC", "PracticeABC", "{C526BBD0-5478-462F-B588-DCCF9BE3B6CD}"
EndProject
Project("{9A19103F-16F7-4668-BE54-9A1E7A4F7556}") = "Client", "PracticeABC\Client\Client.csproj", "{3004B9AA-18DB-459E-AB6E-3B6EBE8015A3}"
EndProject
Project("{9A19103F-16F7-4668-BE54-9A1E7A4F7556}") = "PracticeA", "PracticeABC\Server\PracticeA.csproj", "{9CB75DFC-BE91-4253-A906-419C674D8962}"
EndProject
Global
	GlobalSection(SolutionConfigurationPlatforms) = preSolution
		Debug|Any CPU = Debug|Any CPU
		Release|Any CPU = Release|Any CPU
	EndGlobalSection
	GlobalSection(ProjectConfigurationPlatforms) = postSolution
		{3004B9AA-18DB-459E-AB6E-3B6EBE8015A3}.Debug|Any CPU.ActiveCfg = Debug|Any CPU
		{3004B9AA-18DB-459E-AB6E-3B6EBE8015A3}.Debug|Any CPU.Build.0 = Debug|Any CPU
		{3004B9AA-18DB-459E-AB6E-3B6EBE8015A3}.Release|Any CPU.ActiveCfg = Release|Any CPU
		{3004B9AA-18DB-459E-AB6E-3B6EBE8015A3}.Release|Any CPU.Build.0 = Release|Any CPU
		{9CB75DFC-BE91-4253-A906-419C674D8962}.Debug|Any CPU.ActiveCfg = Debug|Any CPU
		{9CB75DFC-BE91-4253-A906-419C674D8962}.Debug|Any CPU.Build.0 = Debug|Any CPU
		{9CB75DFC-BE91-4253-A906-419C674D8962}.Release|Any CPU.ActiveCfg = Release|Any CPU
		{9CB75DFC-BE91-4253-A906-419C674D8962}.Release|Any CPU.Build.0 = Release|Any CPU
	EndGlobalSection
	GlobalSection(SolutionProperties) = preSolution
		HideSolutionNode = FALSE
	EndGlobalSection
	GlobalSection(NestedProjects) = preSolution
		{3004B9AA-18DB-459E-AB6E-3B6EBE8015A3} = {C526BBD0-5478-462F-B588-DCCF9BE3B6CD}
		{9CB75DFC-BE91-4253-A906-419C674D8962} = {C526BBD0-5478-462F-B588-DCCF9BE3B6CD}
	EndGlobalSection
	GlobalSection(ExtensibilityGlobals) = postSolution
		SolutionGuid = {7E1FD3BA-9C4C-4EF8-999D-388D57A2913E}
	EndGlobalSection
EndGlobal
