
Microsoft Visual Studio Solution File, Format Version 12.00
# Visual Studio Version 17
VisualStudioVersion = 17.5.002.0
MinimumVisualStudioVersion = 10.0.40219.1
Project("{9A19103F-16F7-4668-BE54-9A1E7A4F7556}") = "IntefacesTasks", "IntefacesTasks\IntefacesTasks.csproj", "{1D3DF341-1FB8-414A-B128-ECB0725746BD}"
EndProject
Project("{2150E333-8FDC-42A3-9474-1A3956D46DE8}") = "PracticeABC", "PracticeABC", "{58B7A035-2DF4-47EB-A125-AF80C020451A}"
EndProject
Project("{9A19103F-16F7-4668-BE54-9A1E7A4F7556}") = "Client", "PracticeABC\Client\Client.csproj", "{96F31F32-A376-4DBA-991C-1A91BC88EC7D}"
EndProject
Project("{9A19103F-16F7-4668-BE54-9A1E7A4F7556}") = "PracticeA", "PracticeABC\Server\PracticeA.csproj", "{A2E7D90F-DD27-4AB6-976F-96141790363E}"
EndProject
Global
	GlobalSection(SolutionConfigurationPlatforms) = preSolution
		Debug|Any CPU = Debug|Any CPU
		Release|Any CPU = Release|Any CPU
	EndGlobalSection
	GlobalSection(ProjectConfigurationPlatforms) = postSolution
		{1D3DF341-1FB8-414A-B128-ECB0725746BD}.Debug|Any CPU.ActiveCfg = Debug|Any CPU
		{1D3DF341-1FB8-414A-B128-ECB0725746BD}.Debug|Any CPU.Build.0 = Debug|Any CPU
		{1D3DF341-1FB8-414A-B128-ECB0725746BD}.Release|Any CPU.ActiveCfg = Release|Any CPU
		{1D3DF341-1FB8-414A-B128-ECB0725746BD}.Release|Any CPU.Build.0 = Release|Any CPU
		{96F31F32-A376-4DBA-991C-1A91BC88EC7D}.Debug|Any CPU.ActiveCfg = Debug|Any CPU
		{96F31F32-A376-4DBA-991C-1A91BC88EC7D}.Debug|Any CPU.Build.0 = Debug|Any CPU
		{96F31F32-A376-4DBA-991C-1A91BC88EC7D}.Release|Any CPU.ActiveCfg = Release|Any CPU
		{96F31F32-A376-4DBA-991C-1A91BC88EC7D}.Release|Any CPU.Build.0 = Release|Any CPU
		{A2E7D90F-DD27-4AB6-976F-96141790363E}.Debug|Any CPU.ActiveCfg = Debug|Any CPU
		{A2E7D90F-DD27-4AB6-976F-96141790363E}.Debug|Any CPU.Build.0 = Debug|Any CPU
		{A2E7D90F-DD27-4AB6-976F-96141790363E}.Release|Any CPU.ActiveCfg = Release|Any CPU
		{A2E7D90F-DD27-4AB6-976F-96141790363E}.Release|Any CPU.Build.0 = Release|Any CPU
	EndGlobalSection
	GlobalSection(SolutionProperties) = preSolution
		HideSolutionNode = FALSE
	EndGlobalSection
	GlobalSection(NestedProjects) = preSolution
		{96F31F32-A376-4DBA-991C-1A91BC88EC7D} = {58B7A035-2DF4-47EB-A125-AF80C020451A}
		{A2E7D90F-DD27-4AB6-976F-96141790363E} = {58B7A035-2DF4-47EB-A125-AF80C020451A}
	EndGlobalSection
	GlobalSection(ExtensibilityGlobals) = postSolution
		SolutionGuid = {8FFD31DE-2B4E-4F06-A85E-7258C4DB8F91}
	EndGlobalSection
EndGlobal
