
Microsoft Visual Studio Solution File, Format Version 12.00
# Visual Studio Version 17
VisualStudioVersion = 17.5.002.0
MinimumVisualStudioVersion = 10.0.40219.1
Project("{2150E333-8FDC-42A3-9474-1A3956D46DE8}") = "PracticeABC", "PracticeABC", "{0A5FAE96-74A6-47E1-950A-94B814E871BE}"
EndProject
Project("{9A19103F-16F7-4668-BE54-9A1E7A4F7556}") = "Client", "PracticeABC\Client\Client.csproj", "{B105102C-A1B6-420B-81A3-CC1A54D82478}"
EndProject
Project("{9A19103F-16F7-4668-BE54-9A1E7A4F7556}") = "PracticeA", "PracticeABC\Server\PracticeA.csproj", "{32925B42-69E1-4475-B04A-35B26C13724E}"
EndProject
Global
	GlobalSection(SolutionConfigurationPlatforms) = preSolution
		Debug|Any CPU = Debug|Any CPU
		Release|Any CPU = Release|Any CPU
	EndGlobalSection
	GlobalSection(ProjectConfigurationPlatforms) = postSolution
		{B105102C-A1B6-420B-81A3-CC1A54D82478}.Debug|Any CPU.ActiveCfg = Debug|Any CPU
		{B105102C-A1B6-420B-81A3-CC1A54D82478}.Debug|Any CPU.Build.0 = Debug|Any CPU
		{B105102C-A1B6-420B-81A3-CC1A54D82478}.Release|Any CPU.ActiveCfg = Release|Any CPU
		{B105102C-A1B6-420B-81A3-CC1A54D82478}.Release|Any CPU.Build.0 = Release|Any CPU
		{32925B42-69E1-4475-B04A-35B26C13724E}.Debug|Any CPU.ActiveCfg = Debug|Any CPU
		{32925B42-69E1-4475-B04A-35B26C13724E}.Debug|Any CPU.Build.0 = Debug|Any CPU
		{32925B42-69E1-4475-B04A-35B26C13724E}.Release|Any CPU.ActiveCfg = Release|Any CPU
		{32925B42-69E1-4475-B04A-35B26C13724E}.Release|Any CPU.Build.0 = Release|Any CPU
	EndGlobalSection
	GlobalSection(SolutionProperties) = preSolution
		HideSolutionNode = FALSE
	EndGlobalSection
	GlobalSection(NestedProjects) = preSolution
		{B105102C-A1B6-420B-81A3-CC1A54D82478} = {0A5FAE96-74A6-47E1-950A-94B814E871BE}
		{32925B42-69E1-4475-B04A-35B26C13724E} = {0A5FAE96-74A6-47E1-950A-94B814E871BE}
	EndGlobalSection
	GlobalSection(ExtensibilityGlobals) = postSolution
		SolutionGuid = {A5AEE60B-E66B-44A8-BB08-A356D073C658}
	EndGlobalSection
EndGlobal
