
Microsoft Visual Studio Solution File, Format Version 12.00
# Visual Studio Version 17
VisualStudioVersion = 17.5.002.0
MinimumVisualStudioVersion = 10.0.40219.1
Project("{9A19103F-16F7-4668-BE54-9A1E7A4F7556}") = "PracticeABC", "PracticeABC\PracticeABC.csproj", "{A56746B7-BA4F-4A4C-A139-AD397A3D58CE}"
EndProject
Project("{2150E333-8FDC-42A3-9474-1A3956D46DE8}") = "PracticeABC (1)", "PracticeABC", "{E0D312D2-1EB9-48C9-B1E4-53CAF6D5C2D3}"
EndProject
Project("{9A19103F-16F7-4668-BE54-9A1E7A4F7556}") = "Example", "PracticeABC\Example\Example.csproj", "{9ADFB48F-5093-4F08-A22F-ED3E7FF9E72D}"
EndProject
Global
	GlobalSection(SolutionConfigurationPlatforms) = preSolution
		Debug|Any CPU = Debug|Any CPU
		Release|Any CPU = Release|Any CPU
	EndGlobalSection
	GlobalSection(ProjectConfigurationPlatforms) = postSolution
		{A56746B7-BA4F-4A4C-A139-AD397A3D58CE}.Debug|Any CPU.ActiveCfg = Debug|Any CPU
		{A56746B7-BA4F-4A4C-A139-AD397A3D58CE}.Debug|Any CPU.Build.0 = Debug|Any CPU
		{A56746B7-BA4F-4A4C-A139-AD397A3D58CE}.Release|Any CPU.ActiveCfg = Release|Any CPU
		{A56746B7-BA4F-4A4C-A139-AD397A3D58CE}.Release|Any CPU.Build.0 = Release|Any CPU
		{9ADFB48F-5093-4F08-A22F-ED3E7FF9E72D}.Debug|Any CPU.ActiveCfg = Debug|Any CPU
		{9ADFB48F-5093-4F08-A22F-ED3E7FF9E72D}.Debug|Any CPU.Build.0 = Debug|Any CPU
		{9ADFB48F-5093-4F08-A22F-ED3E7FF9E72D}.Release|Any CPU.ActiveCfg = Release|Any CPU
		{9ADFB48F-5093-4F08-A22F-ED3E7FF9E72D}.Release|Any CPU.Build.0 = Release|Any CPU
	EndGlobalSection
	GlobalSection(SolutionProperties) = preSolution
		HideSolutionNode = FALSE
	EndGlobalSection
	GlobalSection(NestedProjects) = preSolution
		{9ADFB48F-5093-4F08-A22F-ED3E7FF9E72D} = {E0D312D2-1EB9-48C9-B1E4-53CAF6D5C2D3}
	EndGlobalSection
	GlobalSection(ExtensibilityGlobals) = postSolution
		SolutionGuid = {8D449FA6-16C4-4817-ACA7-A76F9DA4A72A}
	EndGlobalSection
EndGlobal
