
Microsoft Visual Studio Solution File, Format Version 12.00
# Visual Studio Version 17
VisualStudioVersion = 17.5.002.0
MinimumVisualStudioVersion = 10.0.40219.1
Project("{2150E333-8FDC-42A3-9474-1A3956D46DE8}") = "PracticeABC", "PracticeABC", "{9A046526-3F21-40A1-983B-AE1F4122BC2D}"
EndProject
Project("{9A19103F-16F7-4668-BE54-9A1E7A4F7556}") = "Client", "PracticeABC\Client\Client.csproj", "{3B6CFB30-894B-4E32-AF6E-C6853985AAAD}"
EndProject
Project("{9A19103F-16F7-4668-BE54-9A1E7A4F7556}") = "PracticeA", "PracticeABC\Server\PracticeA.csproj", "{1B892DF2-459D-4FE5-BB70-DB8D832003C2}"
EndProject
Global
	GlobalSection(SolutionConfigurationPlatforms) = preSolution
		Debug|Any CPU = Debug|Any CPU
		Release|Any CPU = Release|Any CPU
	EndGlobalSection
	GlobalSection(ProjectConfigurationPlatforms) = postSolution
		{3B6CFB30-894B-4E32-AF6E-C6853985AAAD}.Debug|Any CPU.ActiveCfg = Debug|Any CPU
		{3B6CFB30-894B-4E32-AF6E-C6853985AAAD}.Debug|Any CPU.Build.0 = Debug|Any CPU
		{3B6CFB30-894B-4E32-AF6E-C6853985AAAD}.Release|Any CPU.ActiveCfg = Release|Any CPU
		{3B6CFB30-894B-4E32-AF6E-C6853985AAAD}.Release|Any CPU.Build.0 = Release|Any CPU
		{1B892DF2-459D-4FE5-BB70-DB8D832003C2}.Debug|Any CPU.ActiveCfg = Debug|Any CPU
		{1B892DF2-459D-4FE5-BB70-DB8D832003C2}.Debug|Any CPU.Build.0 = Debug|Any CPU
		{1B892DF2-459D-4FE5-BB70-DB8D832003C2}.Release|Any CPU.ActiveCfg = Release|Any CPU
		{1B892DF2-459D-4FE5-BB70-DB8D832003C2}.Release|Any CPU.Build.0 = Release|Any CPU
	EndGlobalSection
	GlobalSection(SolutionProperties) = preSolution
		HideSolutionNode = FALSE
	EndGlobalSection
	GlobalSection(NestedProjects) = preSolution
		{3B6CFB30-894B-4E32-AF6E-C6853985AAAD} = {9A046526-3F21-40A1-983B-AE1F4122BC2D}
		{1B892DF2-459D-4FE5-BB70-DB8D832003C2} = {9A046526-3F21-40A1-983B-AE1F4122BC2D}
	EndGlobalSection
	GlobalSection(ExtensibilityGlobals) = postSolution
		SolutionGuid = {98BE3FA1-2FA0-47F1-AF95-05595DDE4C61}
	EndGlobalSection
EndGlobal
