
Microsoft Visual Studio Solution File, Format Version 12.00
# Visual Studio Version 17
VisualStudioVersion = 17.5.002.0
MinimumVisualStudioVersion = 10.0.40219.1
Project("{9A19103F-16F7-4668-BE54-9A1E7A4F7556}") = "Example", "Example\Example.csproj", "{623A857C-975E-4629-BE97-DBAAB88C9EB5}"
EndProject
Global
	GlobalSection(SolutionConfigurationPlatforms) = preSolution
		Debug|Any CPU = Debug|Any CPU
		Release|Any CPU = Release|Any CPU
	EndGlobalSection
	GlobalSection(ProjectConfigurationPlatforms) = postSolution
		{623A857C-975E-4629-BE97-DBAAB88C9EB5}.Debug|Any CPU.ActiveCfg = Debug|Any CPU
		{623A857C-975E-4629-BE97-DBAAB88C9EB5}.Debug|Any CPU.Build.0 = Debug|Any CPU
		{623A857C-975E-4629-BE97-DBAAB88C9EB5}.Release|Any CPU.ActiveCfg = Release|Any CPU
		{623A857C-975E-4629-BE97-DBAAB88C9EB5}.Release|Any CPU.Build.0 = Release|Any CPU
	EndGlobalSection
	GlobalSection(SolutionProperties) = preSolution
		HideSolutionNode = FALSE
	EndGlobalSection
	GlobalSection(ExtensibilityGlobals) = postSolution
		SolutionGuid = {EF31C4AA-E8BA-4103-A529-F7675C8A255C}
	EndGlobalSection
EndGlobal
