
Microsoft Visual Studio Solution File, Format Version 12.00
# Visual Studio Version 17
VisualStudioVersion = 17.5.002.0
MinimumVisualStudioVersion = 10.0.40219.1
Project("{9A19103F-16F7-4668-BE54-9A1E7A4F7556}") = "PracticeA", "PracticeA.csproj", "{17D0FF6F-CB3F-43BB-8A28-9BF91B28549C}"
EndProject
Global
	GlobalSection(SolutionConfigurationPlatforms) = preSolution
		Debug|Any CPU = Debug|Any CPU
		Release|Any CPU = Release|Any CPU
	EndGlobalSection
	GlobalSection(ProjectConfigurationPlatforms) = postSolution
		{17D0FF6F-CB3F-43BB-8A28-9BF91B28549C}.Debug|Any CPU.ActiveCfg = Debug|Any CPU
		{17D0FF6F-CB3F-43BB-8A28-9BF91B28549C}.Debug|Any CPU.Build.0 = Debug|Any CPU
		{17D0FF6F-CB3F-43BB-8A28-9BF91B28549C}.Release|Any CPU.ActiveCfg = Release|Any CPU
		{17D0FF6F-CB3F-43BB-8A28-9BF91B28549C}.Release|Any CPU.Build.0 = Release|Any CPU
	EndGlobalSection
	GlobalSection(SolutionProperties) = preSolution
		HideSolutionNode = FALSE
	EndGlobalSection
	GlobalSection(ExtensibilityGlobals) = postSolution
		SolutionGuid = {28E68307-37DD-4302-8839-D6E8FE656DD5}
	EndGlobalSection
EndGlobal
