
Microsoft Visual Studio Solution File, Format Version 12.00
# Visual Studio Version 17
VisualStudioVersion = 17.5.002.0
MinimumVisualStudioVersion = 10.0.40219.1
Project("{9A19103F-16F7-4668-BE54-9A1E7A4F7556}") = "PracticeA", "PracticeA.csproj", "{B17B3B7B-1134-458D-BB52-C1155185D82D}"
EndProject
Global
	GlobalSection(SolutionConfigurationPlatforms) = preSolution
		Debug|Any CPU = Debug|Any CPU
		Release|Any CPU = Release|Any CPU
	EndGlobalSection
	GlobalSection(ProjectConfigurationPlatforms) = postSolution
		{B17B3B7B-1134-458D-BB52-C1155185D82D}.Debug|Any CPU.ActiveCfg = Debug|Any CPU
		{B17B3B7B-1134-458D-BB52-C1155185D82D}.Debug|Any CPU.Build.0 = Debug|Any CPU
		{B17B3B7B-1134-458D-BB52-C1155185D82D}.Release|Any CPU.ActiveCfg = Release|Any CPU
		{B17B3B7B-1134-458D-BB52-C1155185D82D}.Release|Any CPU.Build.0 = Release|Any CPU
	EndGlobalSection
	GlobalSection(SolutionProperties) = preSolution
		HideSolutionNode = FALSE
	EndGlobalSection
	GlobalSection(ExtensibilityGlobals) = postSolution
		SolutionGuid = {B59518B9-3551-4A6D-8DC0-36C956D4531D}
	EndGlobalSection
EndGlobal
